
Microsoft Visual Studio Solution File, Format Version 12.00
# Visual Studio Version 17
VisualStudioVersion = 17.9.34622.214
MinimumVisualStudioVersion = 10.0.40219.1
Project("{9A19103F-16F7-4668-BE54-9A1E7A4F7556}") = "AsiecSchedule", "AsiecSchedule\AsiecSchedule.csproj", "{3238F1A0-618B-4AFD-B184-D096F58274D1}"
EndProject
Project("{FAE04EC0-301F-11D3-BF4B-00C04F79EFBC}") = "AsiecIDsParser", "AsiecIDsParser\AsiecIDsParser.csproj", "{FDFDB4A7-B8E9-4770-AE01-3EC3EC87E9F9}"
EndProject
Global
	GlobalSection(SolutionConfigurationPlatforms) = preSolution
		Debug|Any CPU = Debug|Any CPU
		Release|Any CPU = Release|Any CPU
	EndGlobalSection
	GlobalSection(ProjectConfigurationPlatforms) = postSolution
		{3238F1A0-618B-4AFD-B184-D096F58274D1}.Debug|Any CPU.ActiveCfg = Debug|Any CPU
		{3238F1A0-618B-4AFD-B184-D096F58274D1}.Debug|Any CPU.Build.0 = Debug|Any CPU
		{3238F1A0-618B-4AFD-B184-D096F58274D1}.Debug|Any CPU.Deploy.0 = Debug|Any CPU
		{3238F1A0-618B-4AFD-B184-D096F58274D1}.Release|Any CPU.ActiveCfg = Release|Any CPU
		{3238F1A0-618B-4AFD-B184-D096F58274D1}.Release|Any CPU.Build.0 = Release|Any CPU
		{3238F1A0-618B-4AFD-B184-D096F58274D1}.Release|Any CPU.Deploy.0 = Release|Any CPU
		{FDFDB4A7-B8E9-4770-AE01-3EC3EC87E9F9}.Debug|Any CPU.ActiveCfg = Debug|Any CPU
		{FDFDB4A7-B8E9-4770-AE01-3EC3EC87E9F9}.Debug|Any CPU.Build.0 = Debug|Any CPU
		{FDFDB4A7-B8E9-4770-AE01-3EC3EC87E9F9}.Release|Any CPU.ActiveCfg = Release|Any CPU
		{FDFDB4A7-B8E9-4770-AE01-3EC3EC87E9F9}.Release|Any CPU.Build.0 = Release|Any CPU
	EndGlobalSection
	GlobalSection(SolutionProperties) = preSolution
		HideSolutionNode = FALSE
	EndGlobalSection
	GlobalSection(ExtensibilityGlobals) = postSolution
		SolutionGuid = {8EA7655C-66DC-4933-9A05-FFE3D7719C0C}
	EndGlobalSection
EndGlobal
